
Microsoft Visual Studio Solution File, Format Version 11.00
# Visual Studio 2010
Project("{FAE04EC0-301F-11D3-BF4B-00C04F79EFBC}") = "RadioThermostat", "RadioThermostat\RadioThermostat.csproj", "{120A5570-798C-4EF7-9C41-ED38B1F48924}"
EndProject
Project("{FAE04EC0-301F-11D3-BF4B-00C04F79EFBC}") = "Filtrete", "Filtrete\Filtrete.csproj", "{62B8CCEF-5693-4A35-8EAD-3175B9191FD8}"
EndProject
Global
	GlobalSection(SolutionConfigurationPlatforms) = preSolution
		Debug|Any CPU = Debug|Any CPU
		Debug|Mixed Platforms = Debug|Mixed Platforms
		Debug|x86 = Debug|x86
		Release|Any CPU = Release|Any CPU
		Release|Mixed Platforms = Release|Mixed Platforms
		Release|x86 = Release|x86
	EndGlobalSection
	GlobalSection(ProjectConfigurationPlatforms) = postSolution
		{120A5570-798C-4EF7-9C41-ED38B1F48924}.Debug|Any CPU.ActiveCfg = Debug|x86
		{120A5570-798C-4EF7-9C41-ED38B1F48924}.Debug|Mixed Platforms.ActiveCfg = Debug|x86
		{120A5570-798C-4EF7-9C41-ED38B1F48924}.Debug|Mixed Platforms.Build.0 = Debug|x86
		{120A5570-798C-4EF7-9C41-ED38B1F48924}.Debug|x86.ActiveCfg = Debug|x86
		{120A5570-798C-4EF7-9C41-ED38B1F48924}.Debug|x86.Build.0 = Debug|x86
		{120A5570-798C-4EF7-9C41-ED38B1F48924}.Release|Any CPU.ActiveCfg = Release|x86
		{120A5570-798C-4EF7-9C41-ED38B1F48924}.Release|Mixed Platforms.ActiveCfg = Release|x86
		{120A5570-798C-4EF7-9C41-ED38B1F48924}.Release|Mixed Platforms.Build.0 = Release|x86
		{120A5570-798C-4EF7-9C41-ED38B1F48924}.Release|x86.ActiveCfg = Release|x86
		{120A5570-798C-4EF7-9C41-ED38B1F48924}.Release|x86.Build.0 = Release|x86
		{62B8CCEF-5693-4A35-8EAD-3175B9191FD8}.Debug|Any CPU.ActiveCfg = Debug|Any CPU
		{62B8CCEF-5693-4A35-8EAD-3175B9191FD8}.Debug|Any CPU.Build.0 = Debug|Any CPU
		{62B8CCEF-5693-4A35-8EAD-3175B9191FD8}.Debug|Mixed Platforms.ActiveCfg = Debug|Any CPU
		{62B8CCEF-5693-4A35-8EAD-3175B9191FD8}.Debug|Mixed Platforms.Build.0 = Debug|Any CPU
		{62B8CCEF-5693-4A35-8EAD-3175B9191FD8}.Debug|x86.ActiveCfg = Debug|Any CPU
		{62B8CCEF-5693-4A35-8EAD-3175B9191FD8}.Release|Any CPU.ActiveCfg = Release|Any CPU
		{62B8CCEF-5693-4A35-8EAD-3175B9191FD8}.Release|Any CPU.Build.0 = Release|Any CPU
		{62B8CCEF-5693-4A35-8EAD-3175B9191FD8}.Release|Mixed Platforms.ActiveCfg = Release|Any CPU
		{62B8CCEF-5693-4A35-8EAD-3175B9191FD8}.Release|Mixed Platforms.Build.0 = Release|Any CPU
		{62B8CCEF-5693-4A35-8EAD-3175B9191FD8}.Release|x86.ActiveCfg = Release|Any CPU
	EndGlobalSection
	GlobalSection(SolutionProperties) = preSolution
		HideSolutionNode = FALSE
	EndGlobalSection
EndGlobal
